
Microsoft Visual Studio Solution File, Format Version 12.00
# Visual Studio Version 17
VisualStudioVersion = 17.14.36429.23 d17.14
MinimumVisualStudioVersion = 10.0.40219.1
Project("{FAE04EC0-301F-11D3-BF4B-00C04F79EFBC}") = "Server", "Server\Server.csproj", "{08B91492-A0B1-4D95-88D2-F2912C8B4B68}"
EndProject
Project("{FAE04EC0-301F-11D3-BF4B-00C04F79EFBC}") = "Client", "Client\Client.csproj", "{C2DE7D11-A9DB-43D7-AA5B-8823213EC665}"
EndProject
Project("{FAE04EC0-301F-11D3-BF4B-00C04F79EFBC}") = "Shared", "Shared\Shared.csproj", "{E7EF0414-D5AB-4743-9DF1-9D78AD8CCA1D}"
EndProject
Global
	GlobalSection(SolutionConfigurationPlatforms) = preSolution
		Debug|Any CPU = Debug|Any CPU
		Release|Any CPU = Release|Any CPU
	EndGlobalSection
	GlobalSection(ProjectConfigurationPlatforms) = postSolution
		{08B91492-A0B1-4D95-88D2-F2912C8B4B68}.Debug|Any CPU.ActiveCfg = Debug|Any CPU
		{08B91492-A0B1-4D95-88D2-F2912C8B4B68}.Debug|Any CPU.Build.0 = Debug|Any CPU
		{08B91492-A0B1-4D95-88D2-F2912C8B4B68}.Release|Any CPU.ActiveCfg = Release|Any CPU
		{08B91492-A0B1-4D95-88D2-F2912C8B4B68}.Release|Any CPU.Build.0 = Release|Any CPU
		{C2DE7D11-A9DB-43D7-AA5B-8823213EC665}.Debug|Any CPU.ActiveCfg = Debug|Any CPU
		{C2DE7D11-A9DB-43D7-AA5B-8823213EC665}.Debug|Any CPU.Build.0 = Debug|Any CPU
		{C2DE7D11-A9DB-43D7-AA5B-8823213EC665}.Release|Any CPU.ActiveCfg = Release|Any CPU
		{C2DE7D11-A9DB-43D7-AA5B-8823213EC665}.Release|Any CPU.Build.0 = Release|Any CPU
		{E7EF0414-D5AB-4743-9DF1-9D78AD8CCA1D}.Debug|Any CPU.ActiveCfg = Debug|Any CPU
		{E7EF0414-D5AB-4743-9DF1-9D78AD8CCA1D}.Debug|Any CPU.Build.0 = Debug|Any CPU
		{E7EF0414-D5AB-4743-9DF1-9D78AD8CCA1D}.Release|Any CPU.ActiveCfg = Release|Any CPU
		{E7EF0414-D5AB-4743-9DF1-9D78AD8CCA1D}.Release|Any CPU.Build.0 = Release|Any CPU
	EndGlobalSection
	GlobalSection(SolutionProperties) = preSolution
		HideSolutionNode = FALSE
	EndGlobalSection
	GlobalSection(ExtensibilityGlobals) = postSolution
		SolutionGuid = {351DCAC1-6EE2-4C16-8B3A-72156734EAF4}
	EndGlobalSection
EndGlobal
