
Microsoft Visual Studio Solution File, Format Version 12.00
# Visual Studio Version 17
VisualStudioVersion = 17.11.35327.3
MinimumVisualStudioVersion = 10.0.40219.1
Project("{FAE04EC0-301F-11D3-BF4B-00C04F79EFBC}") = "WpfApp1", "WpfApp1\WpfApp1.csproj", "{54A5BE84-1379-4065-BFCB-72CF3F58156C}"
EndProject
Global
	GlobalSection(SolutionConfigurationPlatforms) = preSolution
		Debug|Any CPU = Debug|Any CPU
		Release|Any CPU = Release|Any CPU
	EndGlobalSection
	GlobalSection(ProjectConfigurationPlatforms) = postSolution
		{54A5BE84-1379-4065-BFCB-72CF3F58156C}.Debug|Any CPU.ActiveCfg = Debug|Any CPU
		{54A5BE84-1379-4065-BFCB-72CF3F58156C}.Debug|Any CPU.Build.0 = Debug|Any CPU
		{54A5BE84-1379-4065-BFCB-72CF3F58156C}.Release|Any CPU.ActiveCfg = Release|Any CPU
		{54A5BE84-1379-4065-BFCB-72CF3F58156C}.Release|Any CPU.Build.0 = Release|Any CPU
	EndGlobalSection
	GlobalSection(SolutionProperties) = preSolution
		HideSolutionNode = FALSE
	EndGlobalSection
	GlobalSection(ExtensibilityGlobals) = postSolution
		SolutionGuid = {A7A45AE0-D950-45A1-BCA9-0422BD504C67}
	EndGlobalSection
EndGlobal
